<?xml version="1.0" encoding="utf-8"?>
<Project ToolsVersion="4.0" xmlns="http://schemas.microsoft.com/developer/msbuild/2003">
  <ItemGroup>
    <Filter Include="Source Files">
      <UniqueIdentifier>{4FC737F1-C7A5-4376-A066-2A32D752A2FF}</UniqueIdentifier>
      <Extensions>cpp;c;cc;cxx;def;odl;idl;hpj;bat;asm;asmx</Extensions>
    </Filter>
    <Filter Include="Header Files">
      <UniqueIdentifier>{93995380-89BD-4b04-88EB-625FBE52EBFB}</UniqueIdentifier>
      <Extensions>h;hh;hpp;hxx;hm;inl;inc;xsd</Extensions>
    </Filter>
    <Filter Include="Resource Files">
      <UniqueIdentifier>{67DA6AB6-F800-4c08-8B7A-83BB121AAD01}</UniqueIdentifier>
      <Extensions>rc;ico;cur;bmp;dlg;rc2;rct;bin;rgs;gif;jpg;jpeg;jpe;resx;tiff;tif;png;wav;mfcribbon-ms</Extensions>
    </Filter>
  </ItemGroup>
  <ItemGroup>
    <ClCompile Include="MyForm.cpp">
      <Filter>Source Files</Filter>
    </ClCompile>
    <ClCompile Include="Character.cpp">
      <Filter>Source Files</Filter>
    </ClCompile>
    <ClCompile Include="Fight_algorithm.cpp">
      <Filter>Source Files</Filter>
    </ClCompile>
    <ClCompile Include="fight_UI.cpp">
      <Filter>Source Files</Filter>
    </ClCompile>
    <ClCompile Include="work_UI.cpp">
      <Filter>Header Files</Filter>
    </ClCompile>
    <ClCompile Include="MyForm_Controller.cpp">
      <Filter>Source Files</Filter>
    </ClCompile>
    <ClCompile Include="training_UI.cpp">
      <Filter>Source Files</Filter>
    </ClCompile>
    <ClCompile Include="shop_UI.cpp">
      <Filter>Source Files</Filter>
    </ClCompile>
    <ClCompile Include="Sword_vector.cpp">
      <Filter>Source Files</Filter>
    </ClCompile>
    <ClCompile Include="Enemies_vector.cpp">
      <Filter>Source Files</Filter>
    </ClCompile>
    <ClCompile Include="Armor_vector.cpp">
      <Filter>Source Files</Filter>
    </ClCompile>
    <ClCompile Include="Boots.cpp">
      <Filter>Source Files</Filter>
    </ClCompile>
    <ClCompile Include="Boots_vector.cpp">
      <Filter>Source Files</Filter>
    </ClCompile>
    <ClCompile Include="Consumables.cpp">
      <Filter>Source Files</Filter>
    </ClCompile>
    <ClCompile Include="Consumables_vector.cpp">
      <Filter>Source Files</Filter>
    </ClCompile>
  </ItemGroup>
  <ItemGroup>
    <ClInclude Include="MyForm.h">
      <Filter>Header Files</Filter>
    </ClInclude>
    <ClInclude Include="Character.h">
      <Filter>Header Files</Filter>
    </ClInclude>
    <ClInclude Include="Fight_algorithm_params.h">
      <Filter>Header Files</Filter>
    </ClInclude>
    <ClInclude Include="Fight_algorithm.h">
      <Filter>Header Files</Filter>
    </ClInclude>
    <ClInclude Include="Work_params.h">
      <Filter>Header Files</Filter>
    </ClInclude>
    <ClInclude Include="MyForm_Controller.h">
      <Filter>Header Files</Filter>
    </ClInclude>
    <ClInclude Include="work_UI.h">
      <Filter>Header Files</Filter>
    </ClInclude>
    <ClInclude Include="training_UI.h">
      <Filter>Header Files</Filter>
    </ClInclude>
    <ClInclude Include="Training_parameters.h">
      <Filter>Header Files</Filter>
    </ClInclude>
    <ClInclude Include="Items.h">
      <Filter>Header Files</Filter>
    </ClInclude>
    <ClInclude Include="Sword.h">
      <Filter>Header Files</Filter>
    </ClInclude>
    <ClInclude Include="shop_UI.h">
      <Filter>Header Files</Filter>
    </ClInclude>
    <ClInclude Include="Armor.h">
      <Filter>Header Files</Filter>
    </ClInclude>
    <ClInclude Include="Demon_sword.h">
      <Filter>Header Files</Filter>
    </ClInclude>
    <ClInclude Include="fight_UI.h">
      <Filter>Header Files</Filter>
    </ClInclude>
    <ClInclude Include="Sword_vector.h">
      <Filter>Header Files</Filter>
    </ClInclude>
    <ClInclude Include="Enemies_vector.h">
      <Filter>Header Files</Filter>
    </ClInclude>
    <ClInclude Include="Donatello_staff.h">
      <Filter>Header Files</Filter>
    </ClInclude>
    <ClInclude Include="Fight_menu_UI.h">
      <Filter>Header Files</Filter>
    </ClInclude>
    <ClInclude Include="Armor_vector.h">
      <Filter>Header Files</Filter>
    </ClInclude>
    <ClInclude Include="Boots_vector.h">
      <Filter>Header Files</Filter>
    </ClInclude>
    <ClInclude Include="Boots.h">
      <Filter>Header Files</Filter>
    </ClInclude>
    <ClInclude Include="Consumables.h">
      <Filter>Header Files</Filter>
    </ClInclude>
    <ClInclude Include="Consumables_vector.h">
      <Filter>Header Files</Filter>
    </ClInclude>
  </ItemGroup>
  <ItemGroup>
    <EmbeddedResource Include="fight_UI.resx">
      <Filter>Resource Files</Filter>
    </EmbeddedResource>
    <EmbeddedResource Include="MyForm.resx">
      <Filter>Resource Files</Filter>
    </EmbeddedResource>
    <EmbeddedResource Include="work_UI.resx">
      <Filter>Resource Files</Filter>
    </EmbeddedResource>
    <EmbeddedResource Include="training_UI.resx">
      <Filter>Resource Files</Filter>
    </EmbeddedResource>
    <EmbeddedResource Include="shop_UI.resx">
      <Filter>Resource Files</Filter>
    </EmbeddedResource>
    <EmbeddedResource Include="Fight_menu_UI.resx">
      <Filter>Resource Files</Filter>
    </EmbeddedResource>
  </ItemGroup>
</Project>